
Microsoft Visual Studio Solution File, Format Version 12.00
# Visual Studio Version 17
VisualStudioVersion = 17.5.002.0
MinimumVisualStudioVersion = 10.0.40219.1
Project("{9A19103F-16F7-4668-BE54-9A1E7A4F7556}") = "C# Snek", "C# Snek.csproj", "{B0EEAE76-3A6A-4A43-A00A-8CAE7EC07318}"
EndProject
Global
	GlobalSection(SolutionConfigurationPlatforms) = preSolution
		Debug|Any CPU = Debug|Any CPU
		Release|Any CPU = Release|Any CPU
	EndGlobalSection
	GlobalSection(ProjectConfigurationPlatforms) = postSolution
		{B0EEAE76-3A6A-4A43-A00A-8CAE7EC07318}.Debug|Any CPU.ActiveCfg = Debug|Any CPU
		{B0EEAE76-3A6A-4A43-A00A-8CAE7EC07318}.Debug|Any CPU.Build.0 = Debug|Any CPU
		{B0EEAE76-3A6A-4A43-A00A-8CAE7EC07318}.Release|Any CPU.ActiveCfg = Release|Any CPU
		{B0EEAE76-3A6A-4A43-A00A-8CAE7EC07318}.Release|Any CPU.Build.0 = Release|Any CPU
	EndGlobalSection
	GlobalSection(SolutionProperties) = preSolution
		HideSolutionNode = FALSE
	EndGlobalSection
	GlobalSection(ExtensibilityGlobals) = postSolution
		SolutionGuid = {4B264E56-B036-4114-B97A-F6DABDFF924F}
	EndGlobalSection
EndGlobal
